
Microsoft Visual Studio Solution File, Format Version 12.00
# Visual Studio Version 16
VisualStudioVersion = 16.0.30204.135
MinimumVisualStudioVersion = 10.0.40219.1
Project("{FAE04EC0-301F-11D3-BF4B-00C04F79EFBC}") = "IoCStringMod", "IoCStringMod\IoCStringMod.csproj", "{7CE048FC-7E27-46D6-B2FA-1F193C519261}"
EndProject
Global
	GlobalSection(SolutionConfigurationPlatforms) = preSolution
		Debug|Any CPU = Debug|Any CPU
		Release|Any CPU = Release|Any CPU
	EndGlobalSection
	GlobalSection(ProjectConfigurationPlatforms) = postSolution
		{7CE048FC-7E27-46D6-B2FA-1F193C519261}.Debug|Any CPU.ActiveCfg = Debug|Any CPU
		{7CE048FC-7E27-46D6-B2FA-1F193C519261}.Debug|Any CPU.Build.0 = Debug|Any CPU
		{7CE048FC-7E27-46D6-B2FA-1F193C519261}.Release|Any CPU.ActiveCfg = Release|Any CPU
		{7CE048FC-7E27-46D6-B2FA-1F193C519261}.Release|Any CPU.Build.0 = Release|Any CPU
	EndGlobalSection
	GlobalSection(SolutionProperties) = preSolution
		HideSolutionNode = FALSE
	EndGlobalSection
	GlobalSection(ExtensibilityGlobals) = postSolution
		SolutionGuid = {6BAF468E-DFD0-4E77-9778-79B3ED29C407}
	EndGlobalSection
EndGlobal
